
Microsoft Visual Studio Solution File, Format Version 12.00
# Visual Studio Version 17
VisualStudioVersion = 17.0.31912.275
MinimumVisualStudioVersion = 10.0.40219.1
Project("{9A19103F-16F7-4668-BE54-9A1E7A4F7556}") = "Business", "Business\Business.csproj", "{91538B6F-D258-46B0-BFD2-8D6C00FF1346}"
EndProject
Project("{9A19103F-16F7-4668-BE54-9A1E7A4F7556}") = "Core", "Core\Core.csproj", "{CC6DAB42-0890-4670-8DC7-5C85C44FC4B9}"
EndProject
Project("{9A19103F-16F7-4668-BE54-9A1E7A4F7556}") = "DataAccess", "DataAccess\DataAccess.csproj", "{089FC459-4C2E-408F-A1EB-A297C06A5EC8}"
EndProject
Project("{9A19103F-16F7-4668-BE54-9A1E7A4F7556}") = "ConsoleTester", "ConsoleTester\ConsoleTester.csproj", "{992C5FA3-5FD3-499C-ACB6-63C4953F9B02}"
EndProject
Global
	GlobalSection(SolutionConfigurationPlatforms) = preSolution
		Debug|Any CPU = Debug|Any CPU
		Release|Any CPU = Release|Any CPU
	EndGlobalSection
	GlobalSection(ProjectConfigurationPlatforms) = postSolution
		{91538B6F-D258-46B0-BFD2-8D6C00FF1346}.Debug|Any CPU.ActiveCfg = Debug|Any CPU
		{91538B6F-D258-46B0-BFD2-8D6C00FF1346}.Debug|Any CPU.Build.0 = Debug|Any CPU
		{91538B6F-D258-46B0-BFD2-8D6C00FF1346}.Release|Any CPU.ActiveCfg = Release|Any CPU
		{91538B6F-D258-46B0-BFD2-8D6C00FF1346}.Release|Any CPU.Build.0 = Release|Any CPU
		{CC6DAB42-0890-4670-8DC7-5C85C44FC4B9}.Debug|Any CPU.ActiveCfg = Debug|Any CPU
		{CC6DAB42-0890-4670-8DC7-5C85C44FC4B9}.Debug|Any CPU.Build.0 = Debug|Any CPU
		{CC6DAB42-0890-4670-8DC7-5C85C44FC4B9}.Release|Any CPU.ActiveCfg = Release|Any CPU
		{CC6DAB42-0890-4670-8DC7-5C85C44FC4B9}.Release|Any CPU.Build.0 = Release|Any CPU
		{089FC459-4C2E-408F-A1EB-A297C06A5EC8}.Debug|Any CPU.ActiveCfg = Debug|Any CPU
		{089FC459-4C2E-408F-A1EB-A297C06A5EC8}.Debug|Any CPU.Build.0 = Debug|Any CPU
		{089FC459-4C2E-408F-A1EB-A297C06A5EC8}.Release|Any CPU.ActiveCfg = Release|Any CPU
		{089FC459-4C2E-408F-A1EB-A297C06A5EC8}.Release|Any CPU.Build.0 = Release|Any CPU
		{992C5FA3-5FD3-499C-ACB6-63C4953F9B02}.Debug|Any CPU.ActiveCfg = Debug|Any CPU
		{992C5FA3-5FD3-499C-ACB6-63C4953F9B02}.Debug|Any CPU.Build.0 = Debug|Any CPU
		{992C5FA3-5FD3-499C-ACB6-63C4953F9B02}.Release|Any CPU.ActiveCfg = Release|Any CPU
		{992C5FA3-5FD3-499C-ACB6-63C4953F9B02}.Release|Any CPU.Build.0 = Release|Any CPU
	EndGlobalSection
	GlobalSection(SolutionProperties) = preSolution
		HideSolutionNode = FALSE
	EndGlobalSection
	GlobalSection(ExtensibilityGlobals) = postSolution
		SolutionGuid = {4CF7E32D-2D67-41C4-A904-0E98C0A077DF}
	EndGlobalSection
EndGlobal
